
Microsoft Visual Studio Solution File, Format Version 12.00
# Visual Studio Version 16
VisualStudioVersion = 16.0.30413.136
MinimumVisualStudioVersion = 10.0.40219.1
Project("{FAE04EC0-301F-11D3-BF4B-00C04F79EFBC}") = "0908", "0908\0908.csproj", "{8C435ACF-695A-44A1-9D9C-5CED246B09BC}"
EndProject
Global
	GlobalSection(SolutionConfigurationPlatforms) = preSolution
		Debug|Any CPU = Debug|Any CPU
		Release|Any CPU = Release|Any CPU
	EndGlobalSection
	GlobalSection(ProjectConfigurationPlatforms) = postSolution
		{8C435ACF-695A-44A1-9D9C-5CED246B09BC}.Debug|Any CPU.ActiveCfg = Debug|Any CPU
		{8C435ACF-695A-44A1-9D9C-5CED246B09BC}.Debug|Any CPU.Build.0 = Debug|Any CPU
		{8C435ACF-695A-44A1-9D9C-5CED246B09BC}.Release|Any CPU.ActiveCfg = Release|Any CPU
		{8C435ACF-695A-44A1-9D9C-5CED246B09BC}.Release|Any CPU.Build.0 = Release|Any CPU
	EndGlobalSection
	GlobalSection(SolutionProperties) = preSolution
		HideSolutionNode = FALSE
	EndGlobalSection
	GlobalSection(ExtensibilityGlobals) = postSolution
		SolutionGuid = {F653D695-5327-488A-A761-C3B6A909939F}
	EndGlobalSection
EndGlobal
